
Microsoft Visual Studio Solution File, Format Version 12.00
# Visual Studio Version 17
VisualStudioVersion = 17.4.33403.182
MinimumVisualStudioVersion = 10.0.40219.1
Project("{FAE04EC0-301F-11D3-BF4B-00C04F79EFBC}") = "BookManagement", "BookManagement\BookManagement.csproj", "{9BC5A117-D4FF-45D4-BAA6-0EA64384AB13}"
EndProject
Global
	GlobalSection(SolutionConfigurationPlatforms) = preSolution
		Debug|Any CPU = Debug|Any CPU
		Release|Any CPU = Release|Any CPU
	EndGlobalSection
	GlobalSection(ProjectConfigurationPlatforms) = postSolution
		{9BC5A117-D4FF-45D4-BAA6-0EA64384AB13}.Debug|Any CPU.ActiveCfg = Debug|Any CPU
		{9BC5A117-D4FF-45D4-BAA6-0EA64384AB13}.Debug|Any CPU.Build.0 = Debug|Any CPU
		{9BC5A117-D4FF-45D4-BAA6-0EA64384AB13}.Release|Any CPU.ActiveCfg = Release|Any CPU
		{9BC5A117-D4FF-45D4-BAA6-0EA64384AB13}.Release|Any CPU.Build.0 = Release|Any CPU
	EndGlobalSection
	GlobalSection(SolutionProperties) = preSolution
		HideSolutionNode = FALSE
	EndGlobalSection
	GlobalSection(ExtensibilityGlobals) = postSolution
		SolutionGuid = {CF21DDA7-FA6E-4C64-BB20-1E50F9FD4FD5}
	EndGlobalSection
EndGlobal
